PODS:
  - MisterFusion (2.0.1)
  - SAHistoryNavigationViewController (3.0.0):
    - MisterFusion

DEPENDENCIES:
  - SAHistoryNavigationViewController (from `../`)

EXTERNAL SOURCES:
  SAHistoryNavigationViewController:
    :path: "../"

SPEC CHECKSUMS:
  MisterFusion: d42cac7afe8318c282bcda93396eba0aef45d30e
  SAHistoryNavigationViewController: fb546b9b08caec83c5183256f5257c53c26cf384

PODFILE CHECKSUM: 2237dbf15d2cd5c5591fcbda1a644318c430a7f0

COCOAPODS: 1.1.0.rc.2
