PODS:
  - MisterFusion (0.1.0)
  - SAHistoryNavigationViewController (2.1.0):
    - MisterFusion

DEPENDENCIES:
  - SAHistoryNavigationViewController (from `../`)

EXTERNAL SOURCES:
  SAHistoryNavigationViewController:
    :path: ../

SPEC CHECKSUMS:
  MisterFusion: 6f993f02cce39987ab13e2e602ee1c1c920c2918
  SAHistoryNavigationViewController: b3771eb85c10b32f0a111f033768ccca77132dd7

COCOAPODS: 0.39.0
