PODS:
  - MisterFusion (0.6.0)
  - SAHistoryNavigationViewController (2.2.1):
    - MisterFusion

DEPENDENCIES:
  - SAHistoryNavigationViewController (from `../`)

EXTERNAL SOURCES:
  SAHistoryNavigationViewController:
    :path: ../

SPEC CHECKSUMS:
  MisterFusion: 4c0bed7dcee6f2d86f9900a1963a46ce4ec989b8
  SAHistoryNavigationViewController: 3e4ccb85f635cf2982833b790d7a31b0c395409b

COCOAPODS: 0.39.0
